// !$*UTF8*$!
{
	archiveVersion = 1;
	classes = {
	};
	objectVersion = 51;
	objects = {

/* Begin PBXBuildFile section */
		3622410B924E6130DACD6A86 /* Pods_TSD_TSDUITests.framework in Frameworks */ = {isa = PBXBuildFile; fileRef = C1E1D9183AE92261A76B2C53 /* Pods_TSD_TSDUITests.framework */; };
		400C1B9825922741003985B8 /* traffic_signs_detector.tflite in Resources */ = {isa = PBXBuildFile; fileRef = 400C1B9725922741003985B8 /* traffic_signs_detector.tflite */; };
		400C1B9C25923A9C003985B8 /* ModelDataHandler.swift in Sources */ = {isa = PBXBuildFile; fileRef = 400C1B9B25923A9C003985B8 /* ModelDataHandler.swift */; };
		400C1BA8259246A1003985B8 /* tflabels.txt in Resources */ = {isa = PBXBuildFile; fileRef = 400C1BA7259246A1003985B8 /* tflabels.txt */; };
		400C1BB125924FA8003985B8 /* traffic_signs_detector3.tflite in Resources */ = {isa = PBXBuildFile; fileRef = 400C1BB025924FA8003985B8 /* traffic_signs_detector3.tflite */; };
		402C39D32587CED700733142 /* CropViewController.framework in Frameworks */ = {isa = PBXBuildFile; fileRef = 402C39D22587CED700733142 /* CropViewController.framework */; };
		402C39D82587CFC000733142 /* Pods_TSD.framework in Frameworks */ = {isa = PBXBuildFile; fileRef = 352EE95F531CA55452B23D61 /* Pods_TSD.framework */; };
		402C39D92587CFC000733142 /* Pods_TSD.framework in Embed Frameworks */ = {isa = PBXBuildFile; fileRef = 352EE95F531CA55452B23D61 /* Pods_TSD.framework */; settings = {ATTRIBUTES = (CodeSignOnCopy, RemoveHeadersOnCopy, ); }; };
		40401248258824D400D3152E /* Toucan.framework in Frameworks */ = {isa = PBXBuildFile; fileRef = 40401247258824D400D3152E /* Toucan.framework */; };
		405062A42593E0AB0073296C /* Response.swift in Sources */ = {isa = PBXBuildFile; fileRef = 405062A32593E0AB0073296C /* Response.swift */; };
		405062A82593EE5C0073296C /* ResultViewController.swift in Sources */ = {isa = PBXBuildFile; fileRef = 405062A72593EE5C0073296C /* ResultViewController.swift */; };
		407E3B54258A243B00E95833 /* DatasetTableViewController.swift in Sources */ = {isa = PBXBuildFile; fileRef = 407E3B53258A243B00E95833 /* DatasetTableViewController.swift */; };
		407E3B5E258A280C00E95833 /* Segnale.swift in Sources */ = {isa = PBXBuildFile; fileRef = 407E3B5D258A280C00E95833 /* Segnale.swift */; };
		407E3B62258A36C600E95833 /* trafficsign.json in Resources */ = {isa = PBXBuildFile; fileRef = 407E3B61258A36C600E95833 /* trafficsign.json */; };
		407E3B6F258A468C00E95833 /* Segnali.swift in Sources */ = {isa = PBXBuildFile; fileRef = 407E3B6E258A468C00E95833 /* Segnali.swift */; };
		407E3B73258A48FA00E95833 /* DatasetTableViewCell.swift in Sources */ = {isa = PBXBuildFile; fileRef = 407E3B72258A48FA00E95833 /* DatasetTableViewCell.swift */; };
		40AD14BD25877693001A8B89 /* AppDelegate.swift in Sources */ = {isa = PBXBuildFile; fileRef = 40AD14BC25877693001A8B89 /* AppDelegate.swift */; };
		40AD14BF25877693001A8B89 /* SceneDelegate.swift in Sources */ = {isa = PBXBuildFile; fileRef = 40AD14BE25877693001A8B89 /* SceneDelegate.swift */; };
		40AD14C125877693001A8B89 /* ViewController.swift in Sources */ = {isa = PBXBuildFile; fileRef = 40AD14C025877693001A8B89 /* ViewController.swift */; };
		40AD14C425877693001A8B89 /* Main.storyboard in Resources */ = {isa = PBXBuildFile; fileRef = 40AD14C225877693001A8B89 /* Main.storyboard */; };
		40AD14C625877694001A8B89 /* Assets.xcassets in Resources */ = {isa = PBXBuildFile; fileRef = 40AD14C525877694001A8B89 /* Assets.xcassets */; };
		40AD14C925877694001A8B89 /* LaunchScreen.storyboard in Resources */ = {isa = PBXBuildFile; fileRef = 40AD14C725877694001A8B89 /* LaunchScreen.storyboard */; };
		40AD14D425877694001A8B89 /* TSDTests.swift in Sources */ = {isa = PBXBuildFile; fileRef = 40AD14D325877694001A8B89 /* TSDTests.swift */; };
		40AD14DF25877694001A8B89 /* TSDUITests.swift in Sources */ = {isa = PBXBuildFile; fileRef = 40AD14DE25877694001A8B89 /* TSDUITests.swift */; };
		40CAA988258CFE9500C7B6B5 /* SelectImageViewController.swift 16-07-36-646.swift in Sources */ = {isa = PBXBuildFile; fileRef = 40CAA987258CFE9500C7B6B5 /* SelectImageViewController.swift 16-07-36-646.swift */; };
		A10B8ABA9F215A048D00B2B7 /* Pods_TSDTests.framework in Frameworks */ = {isa = PBXBuildFile; fileRef = 0BA35770A4F12DA47CCBE8C2 /* Pods_TSDTests.framework */; };
/* End PBXBuildFile section */

/* Begin PBXContainerItemProxy section */
		40AD14D025877694001A8B89 /* PBXContainerItemProxy */ = {
			isa = PBXContainerItemProxy;
			containerPortal = 40AD14B125877693001A8B89 /* Project object */;
			proxyType = 1;
			remoteGlobalIDString = 40AD14B825877693001A8B89;
			remoteInfo = TSD;
		};
		40AD14DB25877694001A8B89 /* PBXContainerItemProxy */ = {
			isa = PBXContainerItemProxy;
			containerPortal = 40AD14B125877693001A8B89 /* Project object */;
			proxyType = 1;
			remoteGlobalIDString = 40AD14B825877693001A8B89;
			remoteInfo = TSD;
		};
/* End PBXContainerItemProxy section */

/* Begin PBXCopyFilesBuildPhase section */
		402C39D52587CED800733142 /* Embed Frameworks */ = {
			isa = PBXCopyFilesBuildPhase;
			buildActionMask = 2147483647;
			dstPath = "";
			dstSubfolderSpec = 10;
			files = (
				402C39D92587CFC000733142 /* Pods_TSD.framework in Embed Frameworks */,
			);
			name = "Embed Frameworks";
			runOnlyForDeploymentPostprocessing = 0;
		};
/* End PBXCopyFilesBuildPhase section */

/* Begin PBXFileReference section */
		0BA35770A4F12DA47CCBE8C2 /* Pods_TSDTests.framework */ = {isa = PBXFileReference; explicitFileType = wrapper.framework; includeInIndex = 0; path = Pods_TSDTests.framework; sourceTree = BUILT_PRODUCTS_DIR; };
		3361B712D74342E5EA0DA541 /* Pods-TSDTests.release.xcconfig */ = {isa = PBXFileReference; includeInIndex = 1; lastKnownFileType = text.xcconfig; name = "Pods-TSDTests.release.xcconfig"; path = "Target Support Files/Pods-TSDTests/Pods-TSDTests.release.xcconfig"; sourceTree = "<group>"; };
		352EE95F531CA55452B23D61 /* Pods_TSD.framework */ = {isa = PBXFileReference; explicitFileType = wrapper.framework; includeInIndex = 0; path = Pods_TSD.framework; sourceTree = BUILT_PRODUCTS_DIR; };
		400C1B9725922741003985B8 /* traffic_signs_detector.tflite */ = {isa = PBXFileReference; lastKnownFileType = file; path = traffic_signs_detector.tflite; sourceTree = "<group>"; };
		400C1B9B25923A9C003985B8 /* ModelDataHandler.swift */ = {isa = PBXFileReference; lastKnownFileType = sourcecode.swift; path = ModelDataHandler.swift; sourceTree = "<group>"; };
		400C1BA7259246A1003985B8 /* tflabels.txt */ = {isa = PBXFileReference; fileEncoding = 4; lastKnownFileType = text; path = tflabels.txt; sourceTree = "<group>"; };
		400C1BB025924FA8003985B8 /* traffic_signs_detector3.tflite */ = {isa = PBXFileReference; lastKnownFileType = file; path = traffic_signs_detector3.tflite; sourceTree = "<group>"; };
		402C39D22587CED700733142 /* CropViewController.framework */ = {isa = PBXFileReference; explicitFileType = wrapper.framework; path = CropViewController.framework; sourceTree = BUILT_PRODUCTS_DIR; };
		40401247258824D400D3152E /* Toucan.framework */ = {isa = PBXFileReference; explicitFileType = wrapper.framework; path = Toucan.framework; sourceTree = BUILT_PRODUCTS_DIR; };
		405062A32593E0AB0073296C /* Response.swift */ = {isa = PBXFileReference; lastKnownFileType = sourcecode.swift; path = Response.swift; sourceTree = "<group>"; };
		405062A72593EE5C0073296C /* ResultViewController.swift */ = {isa = PBXFileReference; lastKnownFileType = sourcecode.swift; path = ResultViewController.swift; sourceTree = "<group>"; };
		407E3B53258A243B00E95833 /* DatasetTableViewController.swift */ = {isa = PBXFileReference; lastKnownFileType = sourcecode.swift; path = DatasetTableViewController.swift; sourceTree = "<group>"; };
		407E3B5D258A280C00E95833 /* Segnale.swift */ = {isa = PBXFileReference; lastKnownFileType = sourcecode.swift; path = Segnale.swift; sourceTree = "<group>"; };
		407E3B61258A36C600E95833 /* trafficsign.json */ = {isa = PBXFileReference; fileEncoding = 4; lastKnownFileType = text.json; path = trafficsign.json; sourceTree = "<group>"; };
		407E3B6E258A468C00E95833 /* Segnali.swift */ = {isa = PBXFileReference; lastKnownFileType = sourcecode.swift; path = Segnali.swift; sourceTree = "<group>"; };
		407E3B72258A48FA00E95833 /* DatasetTableViewCell.swift */ = {isa = PBXFileReference; lastKnownFileType = sourcecode.swift; path = DatasetTableViewCell.swift; sourceTree = "<group>"; };
		40AD14B925877693001A8B89 /* TSD.app */ = {isa = PBXFileReference; explicitFileType = wrapper.application; includeInIndex = 0; path = TSD.app; sourceTree = BUILT_PRODUCTS_DIR; };
		40AD14BC25877693001A8B89 /* AppDelegate.swift */ = {isa = PBXFileReference; lastKnownFileType = sourcecode.swift; path = AppDelegate.swift; sourceTree = "<group>"; };
		40AD14BE25877693001A8B89 /* SceneDelegate.swift */ = {isa = PBXFileReference; lastKnownFileType = sourcecode.swift; path = SceneDelegate.swift; sourceTree = "<group>"; };
		40AD14C025877693001A8B89 /* ViewController.swift */ = {isa = PBXFileReference; lastKnownFileType = sourcecode.swift; path = ViewController.swift; sourceTree = "<group>"; };
		40AD14C325877693001A8B89 /* Base */ = {isa = PBXFileReference; lastKnownFileType = file.storyboard; name = Base; path = Base.lproj/Main.storyboard; sourceTree = "<group>"; };
		40AD14C525877694001A8B89 /* Assets.xcassets */ = {isa = PBXFileReference; lastKnownFileType = folder.assetcatalog; path = Assets.xcassets; sourceTree = "<group>"; };
		40AD14C825877694001A8B89 /* Base */ = {isa = PBXFileReference; lastKnownFileType = file.storyboard; name = Base; path = Base.lproj/LaunchScreen.storyboard; sourceTree = "<group>"; };
		40AD14CA25877694001A8B89 /* Info.plist */ = {isa = PBXFileReference; lastKnownFileType = text.plist.xml; path = Info.plist; sourceTree = "<group>"; };
		40AD14CF25877694001A8B89 /* TSDTests.xctest */ = {isa = PBXFileReference; explicitFileType = wrapper.cfbundle; includeInIndex = 0; path = TSDTests.xctest; sourceTree = BUILT_PRODUCTS_DIR; };
		40AD14D325877694001A8B89 /* TSDTests.swift */ = {isa = PBXFileReference; lastKnownFileType = sourcecode.swift; path = TSDTests.swift; sourceTree = "<group>"; };
		40AD14D525877694001A8B89 /* Info.plist */ = {isa = PBXFileReference; lastKnownFileType = text.plist.xml; path = Info.plist; sourceTree = "<group>"; };
		40AD14DA25877694001A8B89 /* TSDUITests.xctest */ = {isa = PBXFileReference; explicitFileType = wrapper.cfbundle; includeInIndex = 0; path = TSDUITests.xctest; sourceTree = BUILT_PRODUCTS_DIR; };
		40AD14DE25877694001A8B89 /* TSDUITests.swift */ = {isa = PBXFileReference; lastKnownFileType = sourcecode.swift; path = TSDUITests.swift; sourceTree = "<group>"; };
		40AD14E025877694001A8B89 /* Info.plist */ = {isa = PBXFileReference; lastKnownFileType = text.plist.xml; path = Info.plist; sourceTree = "<group>"; };
		40CAA987258CFE9500C7B6B5 /* SelectImageViewController.swift 16-07-36-646.swift */ = {isa = PBXFileReference; fileEncoding = 4; lastKnownFileType = sourcecode.swift; path = "SelectImageViewController.swift 16-07-36-646.swift"; sourceTree = "<group>"; };
		44A89CDD08AC24DCBBCE88D6 /* Pods-TSD.debug.xcconfig */ = {isa = PBXFileReference; includeInIndex = 1; lastKnownFileType = text.xcconfig; name = "Pods-TSD.debug.xcconfig"; path = "Target Support Files/Pods-TSD/Pods-TSD.debug.xcconfig"; sourceTree = "<group>"; };
		4F965C327D2AED1A66D7755D /* Pods-TSD.release.xcconfig */ = {isa = PBXFileReference; includeInIndex = 1; lastKnownFileType = text.xcconfig; name = "Pods-TSD.release.xcconfig"; path = "Target Support Files/Pods-TSD/Pods-TSD.release.xcconfig"; sourceTree = "<group>"; };
		63F18E5F5FB5DA5FBBB9F7D4 /* Pods-TSD-TSDUITests.debug.xcconfig */ = {isa = PBXFileReference; includeInIndex = 1; lastKnownFileType = text.xcconfig; name = "Pods-TSD-TSDUITests.debug.xcconfig"; path = "Target Support Files/Pods-TSD-TSDUITests/Pods-TSD-TSDUITests.debug.xcconfig"; sourceTree = "<group>"; };
		72C4E43475AB91F09A0E4004 /* Pods-TSD-TSDUITests.release.xcconfig */ = {isa = PBXFileReference; includeInIndex = 1; lastKnownFileType = text.xcconfig; name = "Pods-TSD-TSDUITests.release.xcconfig"; path = "Target Support Files/Pods-TSD-TSDUITests/Pods-TSD-TSDUITests.release.xcconfig"; sourceTree = "<group>"; };
		9C0543D708421A128BCAE684 /* Pods-TSDTests.debug.xcconfig */ = {isa = PBXFileReference; includeInIndex = 1; lastKnownFileType = text.xcconfig; name = "Pods-TSDTests.debug.xcconfig"; path = "Target Support Files/Pods-TSDTests/Pods-TSDTests.debug.xcconfig"; sourceTree = "<group>"; };
		C1E1D9183AE92261A76B2C53 /* Pods_TSD_TSDUITests.framework */ = {isa = PBXFileReference; explicitFileType = wrapper.framework; includeInIndex = 0; path = Pods_TSD_TSDUITests.framework; sourceTree = BUILT_PRODUCTS_DIR; };
/* End PBXFileReference section */

/* Begin PBXFrameworksBuildPhase section */
		40AD14B625877693001A8B89 /* Frameworks */ = {
			isa = PBXFrameworksBuildPhase;
			buildActionMask = 2147483647;
			files = (
				40401248258824D400D3152E /* Toucan.framework in Frameworks */,
				402C39D82587CFC000733142 /* Pods_TSD.framework in Frameworks */,
				402C39D32587CED700733142 /* CropViewController.framework in Frameworks */,
			);
			runOnlyForDeploymentPostprocessing = 0;
		};
		40AD14CC25877694001A8B89 /* Frameworks */ = {
			isa = PBXFrameworksBuildPhase;
			buildActionMask = 2147483647;
			files = (
				A10B8ABA9F215A048D00B2B7 /* Pods_TSDTests.framework in Frameworks */,
			);
			runOnlyForDeploymentPostprocessing = 0;
		};
		40AD14D725877694001A8B89 /* Frameworks */ = {
			isa = PBXFrameworksBuildPhase;
			buildActionMask = 2147483647;
			files = (
				3622410B924E6130DACD6A86 /* Pods_TSD_TSDUITests.framework in Frameworks */,
			);
			runOnlyForDeploymentPostprocessing = 0;
		};
/* End PBXFrameworksBuildPhase section */

/* Begin PBXGroup section */
		3A1CFCA04C52B38FEB1B9B5A /* Pods */ = {
			isa = PBXGroup;
			children = (
				44A89CDD08AC24DCBBCE88D6 /* Pods-TSD.debug.xcconfig */,
				4F965C327D2AED1A66D7755D /* Pods-TSD.release.xcconfig */,
				63F18E5F5FB5DA5FBBB9F7D4 /* Pods-TSD-TSDUITests.debug.xcconfig */,
				72C4E43475AB91F09A0E4004 /* Pods-TSD-TSDUITests.release.xcconfig */,
				9C0543D708421A128BCAE684 /* Pods-TSDTests.debug.xcconfig */,
				3361B712D74342E5EA0DA541 /* Pods-TSDTests.release.xcconfig */,
			);
			path = Pods;
			sourceTree = "<group>";
		};
		4062BA262587A7D800CA10E4 /* Model */ = {
			isa = PBXGroup;
			children = (
				400C1BB025924FA8003985B8 /* traffic_signs_detector3.tflite */,
				400C1BA7259246A1003985B8 /* tflabels.txt */,
				400C1B9725922741003985B8 /* traffic_signs_detector.tflite */,
				407E3B61258A36C600E95833 /* trafficsign.json */,
				407E3B5D258A280C00E95833 /* Segnale.swift */,
				407E3B6E258A468C00E95833 /* Segnali.swift */,
				400C1B9B25923A9C003985B8 /* ModelDataHandler.swift */,
				405062A32593E0AB0073296C /* Response.swift */,
			);
			path = Model;
			sourceTree = "<group>";
		};
		4062BA272587A7DF00CA10E4 /* View */ = {
			isa = PBXGroup;
			children = (
				40AD14C725877694001A8B89 /* LaunchScreen.storyboard */,
				40AD14C225877693001A8B89 /* Main.storyboard */,
			);
			path = View;
			sourceTree = "<group>";
		};
		4062BA282587A7E600CA10E4 /* Controller */ = {
			isa = PBXGroup;
			children = (
				40AD14C025877693001A8B89 /* ViewController.swift */,
				40AD14BE25877693001A8B89 /* SceneDelegate.swift */,
				40AD14BC25877693001A8B89 /* AppDelegate.swift */,
				40CAA987258CFE9500C7B6B5 /* SelectImageViewController.swift 16-07-36-646.swift */,
				407E3B53258A243B00E95833 /* DatasetTableViewController.swift */,
				407E3B72258A48FA00E95833 /* DatasetTableViewCell.swift */,
				405062A72593EE5C0073296C /* ResultViewController.swift */,
			);
			path = Controller;
			sourceTree = "<group>";
		};
		40AD14B025877693001A8B89 = {
			isa = PBXGroup;
			children = (
				40AD14BB25877693001A8B89 /* TSD */,
				40AD14D225877694001A8B89 /* TSDTests */,
				40AD14DD25877694001A8B89 /* TSDUITests */,
				40AD14BA25877693001A8B89 /* Products */,
				3A1CFCA04C52B38FEB1B9B5A /* Pods */,
				4EAE28CB86741A74705F2283 /* Frameworks */,
			);
			sourceTree = "<group>";
		};
		40AD14BA25877693001A8B89 /* Products */ = {
			isa = PBXGroup;
			children = (
				40AD14B925877693001A8B89 /* TSD.app */,
				40AD14CF25877694001A8B89 /* TSDTests.xctest */,
				40AD14DA25877694001A8B89 /* TSDUITests.xctest */,
			);
			name = Products;
			sourceTree = "<group>";
		};
		40AD14BB25877693001A8B89 /* TSD */ = {
			isa = PBXGroup;
			children = (
				4062BA282587A7E600CA10E4 /* Controller */,
				4062BA272587A7DF00CA10E4 /* View */,
				4062BA262587A7D800CA10E4 /* Model */,
				40AD14C525877694001A8B89 /* Assets.xcassets */,
				40AD14CA25877694001A8B89 /* Info.plist */,
			);
			path = TSD;
			sourceTree = "<group>";
		};
		40AD14D225877694001A8B89 /* TSDTests */ = {
			isa = PBXGroup;
			children = (
				40AD14D325877694001A8B89 /* TSDTests.swift */,
				40AD14D525877694001A8B89 /* Info.plist */,
			);
			path = TSDTests;
			sourceTree = "<group>";
		};
		40AD14DD25877694001A8B89 /* TSDUITests */ = {
			isa = PBXGroup;
			children = (
				40AD14DE25877694001A8B89 /* TSDUITests.swift */,
				40AD14E025877694001A8B89 /* Info.plist */,
			);
			path = TSDUITests;
			sourceTree = "<group>";
		};
		4EAE28CB86741A74705F2283 /* Frameworks */ = {
			isa = PBXGroup;
			children = (
				40401247258824D400D3152E /* Toucan.framework */,
				402C39D22587CED700733142 /* CropViewController.framework */,
				352EE95F531CA55452B23D61 /* Pods_TSD.framework */,
				C1E1D9183AE92261A76B2C53 /* Pods_TSD_TSDUITests.framework */,
				0BA35770A4F12DA47CCBE8C2 /* Pods_TSDTests.framework */,
			);
			name = Frameworks;
			sourceTree = "<group>";
		};
/* End PBXGroup section */

/* Begin PBXNativeTarget section */
		40AD14B825877693001A8B89 /* TSD */ = {
			isa = PBXNativeTarget;
			buildConfigurationList = 40AD14E325877694001A8B89 /* Build configuration list for PBXNativeTarget "TSD" */;
			buildPhases = (
				D0CC3C775703829697846D24 /* [CP] Check Pods Manifest.lock */,
				40AD14B525877693001A8B89 /* Sources */,
				40AD14B625877693001A8B89 /* Frameworks */,
				40AD14B725877693001A8B89 /* Resources */,
				3A80D62E630A94C82E9024D7 /* [CP] Embed Pods Frameworks */,
				402C39D52587CED800733142 /* Embed Frameworks */,
			);
			buildRules = (
			);
			dependencies = (
			);
			name = TSD;
			productName = TSD;
			productReference = 40AD14B925877693001A8B89 /* TSD.app */;
			productType = "com.apple.product-type.application";
		};
		40AD14CE25877694001A8B89 /* TSDTests */ = {
			isa = PBXNativeTarget;
			buildConfigurationList = 40AD14E625877694001A8B89 /* Build configuration list for PBXNativeTarget "TSDTests" */;
			buildPhases = (
				8B9F62F090AE50739D338BD9 /* [CP] Check Pods Manifest.lock */,
				40AD14CB25877694001A8B89 /* Sources */,
				40AD14CC25877694001A8B89 /* Frameworks */,
				40AD14CD25877694001A8B89 /* Resources */,
			);
			buildRules = (
			);
			dependencies = (
				40AD14D125877694001A8B89 /* PBXTargetDependency */,
			);
			name = TSDTests;
			productName = TSDTests;
			productReference = 40AD14CF25877694001A8B89 /* TSDTests.xctest */;
			productType = "com.apple.product-type.bundle.unit-test";
		};
		40AD14D925877694001A8B89 /* TSDUITests */ = {
			isa = PBXNativeTarget;
			buildConfigurationList = 40AD14E925877694001A8B89 /* Build configuration list for PBXNativeTarget "TSDUITests" */;
			buildPhases = (
				CD8456C5DF74A8DD971C2F92 /* [CP] Check Pods Manifest.lock */,
				40AD14D625877694001A8B89 /* Sources */,
				40AD14D725877694001A8B89 /* Frameworks */,
				40AD14D825877694001A8B89 /* Resources */,
				F4E98CBCB3CC6DD5C53B7FC3 /* [CP] Embed Pods Frameworks */,
			);
			buildRules = (
			);
			dependencies = (
				40AD14DC25877694001A8B89 /* PBXTargetDependency */,
			);
			name = TSDUITests;
			productName = TSDUITests;
			productReference = 40AD14DA25877694001A8B89 /* TSDUITests.xctest */;
			productType = "com.apple.product-type.bundle.ui-testing";
		};
/* End PBXNativeTarget section */

/* Begin PBXProject section */
		40AD14B125877693001A8B89 /* Project object */ = {
			isa = PBXProject;
			attributes = {
				LastSwiftUpdateCheck = 1220;
				LastUpgradeCheck = 1220;
				TargetAttributes = {
					40AD14B825877693001A8B89 = {
						CreatedOnToolsVersion = 12.2;
					};
					40AD14CE25877694001A8B89 = {
						CreatedOnToolsVersion = 12.2;
						TestTargetID = 40AD14B825877693001A8B89;
					};
					40AD14D925877694001A8B89 = {
						CreatedOnToolsVersion = 12.2;
						TestTargetID = 40AD14B825877693001A8B89;
					};
				};
			};
			buildConfigurationList = 40AD14B425877693001A8B89 /* Build configuration list for PBXProject "TSD" */;
			compatibilityVersion = "Xcode 9.3";
			developmentRegion = en;
			hasScannedForEncodings = 0;
			knownRegions = (
				en,
				Base,
			);
			mainGroup = 40AD14B025877693001A8B89;
			productRefGroup = 40AD14BA25877693001A8B89 /* Products */;
			projectDirPath = "";
			projectRoot = "";
			targets = (
				40AD14B825877693001A8B89 /* TSD */,
				40AD14CE25877694001A8B89 /* TSDTests */,
				40AD14D925877694001A8B89 /* TSDUITests */,
			);
		};
/* End PBXProject section */

/* Begin PBXResourcesBuildPhase section */
		40AD14B725877693001A8B89 /* Resources */ = {
			isa = PBXResourcesBuildPhase;
			buildActionMask = 2147483647;
			files = (
				407E3B62258A36C600E95833 /* trafficsign.json in Resources */,
				40AD14C925877694001A8B89 /* LaunchScreen.storyboard in Resources */,
				400C1B9825922741003985B8 /* traffic_signs_detector.tflite in Resources */,
				40AD14C625877694001A8B89 /* Assets.xcassets in Resources */,
				40AD14C425877693001A8B89 /* Main.storyboard in Resources */,
				400C1BA8259246A1003985B8 /* tflabels.txt in Resources */,
				400C1BB125924FA8003985B8 /* traffic_signs_detector3.tflite in Resources */,
			);
			runOnlyForDeploymentPostprocessing = 0;
		};
		40AD14CD25877694001A8B89 /* Resources */ = {
			isa = PBXResourcesBuildPhase;
			buildActionMask = 2147483647;
			files = (
			);
			runOnlyForDeploymentPostprocessing = 0;
		};
		40AD14D825877694001A8B89 /* Resources */ = {
			isa = PBXResourcesBuildPhase;
			buildActionMask = 2147483647;
			files = (
			);
			runOnlyForDeploymentPostprocessing = 0;
		};
/* End PBXResourcesBuildPhase section */

/* Begin PBXShellScriptBuildPhase section */
		3A80D62E630A94C82E9024D7 /* [CP] Embed Pods Frameworks */ = {
			isa = PBXShellScriptBuildPhase;
			buildActionMask = 2147483647;
			files = (
			);
			inputFileListPaths = (
				"${PODS_ROOT}/Target Support Files/Pods-TSD/Pods-TSD-frameworks-${CONFIGURATION}-input-files.xcfilelist",
			);
			name = "[CP] Embed Pods Frameworks";
			outputFileListPaths = (
				"${PODS_ROOT}/Target Support Files/Pods-TSD/Pods-TSD-frameworks-${CONFIGURATION}-output-files.xcfilelist",
			);
			runOnlyForDeploymentPostprocessing = 0;
			shellPath = /bin/sh;
			shellScript = "\"${PODS_ROOT}/Target Support Files/Pods-TSD/Pods-TSD-frameworks.sh\"\n";
			showEnvVarsInLog = 0;
		};
		8B9F62F090AE50739D338BD9 /* [CP] Check Pods Manifest.lock */ = {
			isa = PBXShellScriptBuildPhase;
			buildActionMask = 2147483647;
			files = (
			);
			inputFileListPaths = (
			);
			inputPaths = (
				"${PODS_PODFILE_DIR_PATH}/Podfile.lock",
				"${PODS_ROOT}/Manifest.lock",
			);
			name = "[CP] Check Pods Manifest.lock";
			outputFileListPaths = (
			);
			outputPaths = (
				"$(DERIVED_FILE_DIR)/Pods-TSDTests-checkManifestLockResult.txt",
			);
			runOnlyForDeploymentPostprocessing = 0;
			shellPath = /bin/sh;
			shellScript = "diff \"${PODS_PODFILE_DIR_PATH}/Podfile.lock\" \"${PODS_ROOT}/Manifest.lock\" > /dev/null\nif [ $? != 0 ] ; then\n    # print error to STDERR\n    echo \"error: The sandbox is not in sync with the Podfile.lock. Run 'pod install' or update your CocoaPods installation.\" >&2\n    exit 1\nfi\n# This output is used by Xcode 'outputs' to avoid re-running this script phase.\necho \"SUCCESS\" > \"${SCRIPT_OUTPUT_FILE_0}\"\n";
			showEnvVarsInLog = 0;
		};
		CD8456C5DF74A8DD971C2F92 /* [CP] Check Pods Manifest.lock */ = {
			isa = PBXShellScriptBuildPhase;
			buildActionMask = 2147483647;
			files = (
			);
			inputFileListPaths = (
			);
			inputPaths = (
				"${PODS_PODFILE_DIR_PATH}/Podfile.lock",
				"${PODS_ROOT}/Manifest.lock",
			);
			name = "[CP] Check Pods Manifest.lock";
			outputFileListPaths = (
			);
			outputPaths = (
				"$(DERIVED_FILE_DIR)/Pods-TSD-TSDUITests-checkManifestLockResult.txt",
			);
			runOnlyForDeploymentPostprocessing = 0;
			shellPath = /bin/sh;
			shellScript = "diff \"${PODS_PODFILE_DIR_PATH}/Podfile.lock\" \"${PODS_ROOT}/Manifest.lock\" > /dev/null\nif [ $? != 0 ] ; then\n    # print error to STDERR\n    echo \"error: The sandbox is not in sync with the Podfile.lock. Run 'pod install' or update your CocoaPods installation.\" >&2\n    exit 1\nfi\n# This output is used by Xcode 'outputs' to avoid re-running this script phase.\necho \"SUCCESS\" > \"${SCRIPT_OUTPUT_FILE_0}\"\n";
			showEnvVarsInLog = 0;
		};
		D0CC3C775703829697846D24 /* [CP] Check Pods Manifest.lock */ = {
			isa = PBXShellScriptBuildPhase;
			buildActionMask = 2147483647;
			files = (
			);
			inputFileListPaths = (
			);
			inputPaths = (
				"${PODS_PODFILE_DIR_PATH}/Podfile.lock",
				"${PODS_ROOT}/Manifest.lock",
			);
			name = "[CP] Check Pods Manifest.lock";
			outputFileListPaths = (
			);
			outputPaths = (
				"$(DERIVED_FILE_DIR)/Pods-TSD-checkManifestLockResult.txt",
			);
			runOnlyForDeploymentPostprocessing = 0;
			shellPath = /bin/sh;
			shellScript = "diff \"${PODS_PODFILE_DIR_PATH}/Podfile.lock\" \"${PODS_ROOT}/Manifest.lock\" > /dev/null\nif [ $? != 0 ] ; then\n    # print error to STDERR\n    echo \"error: The sandbox is not in sync with the Podfile.lock. Run 'pod install' or update your CocoaPods installation.\" >&2\n    exit 1\nfi\n# This output is used by Xcode 'outputs' to avoid re-running this script phase.\necho \"SUCCESS\" > \"${SCRIPT_OUTPUT_FILE_0}\"\n";
			showEnvVarsInLog = 0;
		};
		F4E98CBCB3CC6DD5C53B7FC3 /* [CP] Embed Pods Frameworks */ = {
			isa = PBXShellScriptBuildPhase;
			buildActionMask = 2147483647;
			files = (
			);
			inputFileListPaths = (
				"${PODS_ROOT}/Target Support Files/Pods-TSD-TSDUITests/Pods-TSD-TSDUITests-frameworks-${CONFIGURATION}-input-files.xcfilelist",
			);
			name = "[CP] Embed Pods Frameworks";
			outputFileListPaths = (
				"${PODS_ROOT}/Target Support Files/Pods-TSD-TSDUITests/Pods-TSD-TSDUITests-frameworks-${CONFIGURATION}-output-files.xcfilelist",
			);
			runOnlyForDeploymentPostprocessing = 0;
			shellPath = /bin/sh;
			shellScript = "\"${PODS_ROOT}/Target Support Files/Pods-TSD-TSDUITests/Pods-TSD-TSDUITests-frameworks.sh\"\n";
			showEnvVarsInLog = 0;
		};
/* End PBXShellScriptBuildPhase section */

/* Begin PBXSourcesBuildPhase section */
		40AD14B525877693001A8B89 /* Sources */ = {
			isa = PBXSourcesBuildPhase;
			buildActionMask = 2147483647;
			files = (
				407E3B54258A243B00E95833 /* DatasetTableViewController.swift in Sources */,
				407E3B6F258A468C00E95833 /* Segnali.swift in Sources */,
				40AD14C125877693001A8B89 /* ViewController.swift in Sources */,
				407E3B73258A48FA00E95833 /* DatasetTableViewCell.swift in Sources */,
				405062A42593E0AB0073296C /* Response.swift in Sources */,
				40CAA988258CFE9500C7B6B5 /* SelectImageViewController.swift 16-07-36-646.swift in Sources */,
				40AD14BD25877693001A8B89 /* AppDelegate.swift in Sources */,
				407E3B5E258A280C00E95833 /* Segnale.swift in Sources */,
				40AD14BF25877693001A8B89 /* SceneDelegate.swift in Sources */,
				400C1B9C25923A9C003985B8 /* ModelDataHandler.swift in Sources */,
				405062A82593EE5C0073296C /* ResultViewController.swift in Sources */,
			);
			runOnlyForDeploymentPostprocessing = 0;
		};
		40AD14CB25877694001A8B89 /* Sources */ = {
			isa = PBXSourcesBuildPhase;
			buildActionMask = 2147483647;
			files = (
				40AD14D425877694001A8B89 /* TSDTests.swift in Sources */,
			);
			runOnlyForDeploymentPostprocessing = 0;
		};
		40AD14D625877694001A8B89 /* Sources */ = {
			isa = PBXSourcesBuildPhase;
			buildActionMask = 2147483647;
			files = (
				40AD14DF25877694001A8B89 /* TSDUITests.swift in Sources */,
			);
			runOnlyForDeploymentPostprocessing = 0;
		};
/* End PBXSourcesBuildPhase section */

/* Begin PBXTargetDependency section */
		40AD14D125877694001A8B89 /* PBXTargetDependency */ = {
			isa = PBXTargetDependency;
			target = 40AD14B825877693001A8B89 /* TSD */;
			targetProxy = 40AD14D025877694001A8B89 /* PBXContainerItemProxy */;
		};
		40AD14DC25877694001A8B89 /* PBXTargetDependency */ = {
			isa = PBXTargetDependency;
			target = 40AD14B825877693001A8B89 /* TSD */;
			targetProxy = 40AD14DB25877694001A8B89 /* PBXContainerItemProxy */;
		};
/* End PBXTargetDependency section */

/* Begin PBXVariantGroup section */
		40AD14C225877693001A8B89 /* Main.storyboard */ = {
			isa = PBXVariantGroup;
			children = (
				40AD14C325877693001A8B89 /* Base */,
			);
			name = Main.storyboard;
			sourceTree = "<group>";
		};
		40AD14C725877694001A8B89 /* LaunchScreen.storyboard */ = {
			isa = PBXVariantGroup;
			children = (
				40AD14C825877694001A8B89 /* Base */,
			);
			name = LaunchScreen.storyboard;
			sourceTree = "<group>";
		};
/* End PBXVariantGroup section */

/* Begin XCBuildConfiguration section */
		40AD14E125877694001A8B89 /* Debug */ = {
			isa = XCBuildConfiguration;
			buildSettings = {
				ALWAYS_SEARCH_USER_PATHS = NO;
				CLANG_ANALYZER_NONNULL = YES;
				CLANG_ANALYZER_NUMBER_OBJECT_CONVERSION = YES_AGGRESSIVE;
				CLANG_CXX_LANGUAGE_STANDARD = "gnu++14";
				CLANG_CXX_LIBRARY = "libc++";
				CLANG_ENABLE_MODULES = YES;
				CLANG_ENABLE_OBJC_ARC = YES;
				CLANG_ENABLE_OBJC_WEAK = YES;
				CLANG_WARN_BLOCK_CAPTURE_AUTORELEASING = YES;
				CLANG_WARN_BOOL_CONVERSION = YES;
				CLANG_WARN_COMMA = YES;
				CLANG_WARN_CONSTANT_CONVERSION = YES;
				CLANG_WARN_DEPRECATED_OBJC_IMPLEMENTATIONS = YES;
				CLANG_WARN_DIRECT_OBJC_ISA_USAGE = YES_ERROR;
				CLANG_WARN_DOCUMENTATION_COMMENTS = YES;
				CLANG_WARN_EMPTY_BODY = YES;
				CLANG_WARN_ENUM_CONVERSION = YES;
				CLANG_WARN_INFINITE_RECURSION = YES;
				CLANG_WARN_INT_CONVERSION = YES;
				CLANG_WARN_NON_LITERAL_NULL_CONVERSION = YES;
				CLANG_WARN_OBJC_IMPLICIT_RETAIN_SELF = YES;
				CLANG_WARN_OBJC_LITERAL_CONVERSION = YES;
				CLANG_WARN_OBJC_ROOT_CLASS = YES_ERROR;
				CLANG_WARN_QUOTED_INCLUDE_IN_FRAMEWORK_HEADER = YES;
				CLANG_WARN_RANGE_LOOP_ANALYSIS = YES;
				CLANG_WARN_STRICT_PROTOTYPES = YES;
				CLANG_WARN_SUSPICIOUS_MOVE = YES;
				CLANG_WARN_UNGUARDED_AVAILABILITY = YES_AGGRESSIVE;
				CLANG_WARN_UNREACHABLE_CODE = YES;
				CLANG_WARN__DUPLICATE_METHOD_MATCH = YES;
				COPY_PHASE_STRIP = NO;
				DEBUG_INFORMATION_FORMAT = dwarf;
				ENABLE_STRICT_OBJC_MSGSEND = YES;
				ENABLE_TESTABILITY = YES;
				GCC_C_LANGUAGE_STANDARD = gnu11;
				GCC_DYNAMIC_NO_PIC = NO;
				GCC_NO_COMMON_BLOCKS = YES;
				GCC_OPTIMIZATION_LEVEL = 0;
				GCC_PREPROCESSOR_DEFINITIONS = (
					"DEBUG=1",
					"$(inherited)",
				);
				GCC_WARN_64_TO_32_BIT_CONVERSION = YES;
				GCC_WARN_ABOUT_RETURN_TYPE = YES_ERROR;
				GCC_WARN_UNDECLARED_SELECTOR = YES;
				GCC_WARN_UNINITIALIZED_AUTOS = YES_AGGRESSIVE;
				GCC_WARN_UNUSED_FUNCTION = YES;
				GCC_WARN_UNUSED_VARIABLE = YES;
				IPHONEOS_DEPLOYMENT_TARGET = 14.2;
				MTL_ENABLE_DEBUG_INFO = INCLUDE_SOURCE;
				MTL_FAST_MATH = YES;
				ONLY_ACTIVE_ARCH = YES;
				SDKROOT = iphoneos;
				SWIFT_ACTIVE_COMPILATION_CONDITIONS = DEBUG;
				SWIFT_OPTIMIZATION_LEVEL = "-Onone";
			};
			name = Debug;
		};
		40AD14E225877694001A8B89 /* Release */ = {
			isa = XCBuildConfiguration;
			buildSettings = {
				ALWAYS_SEARCH_USER_PATHS = NO;
				CLANG_ANALYZER_NONNULL = YES;
				CLANG_ANALYZER_NUMBER_OBJECT_CONVERSION = YES_AGGRESSIVE;
				CLANG_CXX_LANGUAGE_STANDARD = "gnu++14";
				CLANG_CXX_LIBRARY = "libc++";
				CLANG_ENABLE_MODULES = YES;
				CLANG_ENABLE_OBJC_ARC = YES;
				CLANG_ENABLE_OBJC_WEAK = YES;
				CLANG_WARN_BLOCK_CAPTURE_AUTORELEASING = YES;
				CLANG_WARN_BOOL_CONVERSION = YES;
				CLANG_WARN_COMMA = YES;
				CLANG_WARN_CONSTANT_CONVERSION = YES;
				CLANG_WARN_DEPRECATED_OBJC_IMPLEMENTATIONS = YES;
				CLANG_WARN_DIRECT_OBJC_ISA_USAGE = YES_ERROR;
				CLANG_WARN_DOCUMENTATION_COMMENTS = YES;
				CLANG_WARN_EMPTY_BODY = YES;
				CLANG_WARN_ENUM_CONVERSION = YES;
				CLANG_WARN_INFINITE_RECURSION = YES;
				CLANG_WARN_INT_CONVERSION = YES;
				CLANG_WARN_NON_LITERAL_NULL_CONVERSION = YES;
				CLANG_WARN_OBJC_IMPLICIT_RETAIN_SELF = YES;
				CLANG_WARN_OBJC_LITERAL_CONVERSION = YES;
				CLANG_WARN_OBJC_ROOT_CLASS = YES_ERROR;
				CLANG_WARN_QUOTED_INCLUDE_IN_FRAMEWORK_HEADER = YES;
				CLANG_WARN_RANGE_LOOP_ANALYSIS = YES;
				CLANG_WARN_STRICT_PROTOTYPES = YES;
				CLANG_WARN_SUSPICIOUS_MOVE = YES;
				CLANG_WARN_UNGUARDED_AVAILABILITY = YES_AGGRESSIVE;
				CLANG_WARN_UNREACHABLE_CODE = YES;
				CLANG_WARN__DUPLICATE_METHOD_MATCH = YES;
				COPY_PHASE_STRIP = NO;
				DEBUG_INFORMATION_FORMAT = "dwarf-with-dsym";
				ENABLE_NS_ASSERTIONS = NO;
				ENABLE_STRICT_OBJC_MSGSEND = YES;
				GCC_C_LANGUAGE_STANDARD = gnu11;
				GCC_NO_COMMON_BLOCKS = YES;
				GCC_WARN_64_TO_32_BIT_CONVERSION = YES;
				GCC_WARN_ABOUT_RETURN_TYPE = YES_ERROR;
				GCC_WARN_UNDECLARED_SELECTOR = YES;
				GCC_WARN_UNINITIALIZED_AUTOS = YES_AGGRESSIVE;
				GCC_WARN_UNUSED_FUNCTION = YES;
				GCC_WARN_UNUSED_VARIABLE = YES;
				IPHONEOS_DEPLOYMENT_TARGET = 14.2;
				MTL_ENABLE_DEBUG_INFO = NO;
				MTL_FAST_MATH = YES;
				SDKROOT = iphoneos;
				SWIFT_COMPILATION_MODE = wholemodule;
				SWIFT_OPTIMIZATION_LEVEL = "-O";
				VALIDATE_PRODUCT = YES;
			};
			name = Release;
		};
		40AD14E425877694001A8B89 /* Debug */ = {
			isa = XCBuildConfiguration;
			baseConfigurationReference = 44A89CDD08AC24DCBBCE88D6 /* Pods-TSD.debug.xcconfig */;
			buildSettings = {
				ASSETCATALOG_COMPILER_APPICON_NAME = AppIcon;
				ASSETCATALOG_COMPILER_GLOBAL_ACCENT_COLOR_NAME = AccentColor;
				CODE_SIGN_STYLE = Automatic;
				DEVELOPMENT_TEAM = LG5NT8RKZ3;
				INFOPLIST_FILE = TSD/Info.plist;
				LD_RUNPATH_SEARCH_PATHS = (
					"$(inherited)",
					"@executable_path/Frameworks",
				);
				PRODUCT_BUNDLE_IDENTIFIER = com.samuelesposito.TSD;
				PRODUCT_NAME = "$(TARGET_NAME)";
				SWIFT_VERSION = 5.0;
				TARGETED_DEVICE_FAMILY = 1;
			};
			name = Debug;
		};
		40AD14E525877694001A8B89 /* Release */ = {
			isa = XCBuildConfiguration;
			baseConfigurationReference = 4F965C327D2AED1A66D7755D /* Pods-TSD.release.xcconfig */;
			buildSettings = {
				ASSETCATALOG_COMPILER_APPICON_NAME = AppIcon;
				ASSETCATALOG_COMPILER_GLOBAL_ACCENT_COLOR_NAME = AccentColor;
				CODE_SIGN_STYLE = Automatic;
				DEVELOPMENT_TEAM = LG5NT8RKZ3;
				INFOPLIST_FILE = TSD/Info.plist;
				LD_RUNPATH_SEARCH_PATHS = (
					"$(inherited)",
					"@executable_path/Frameworks",
				);
				PRODUCT_BUNDLE_IDENTIFIER = com.samuelesposito.TSD;
				PRODUCT_NAME = "$(TARGET_NAME)";
				SWIFT_VERSION = 5.0;
				TARGETED_DEVICE_FAMILY = 1;
			};
			name = Release;
		};
		40AD14E725877694001A8B89 /* Debug */ = {
			isa = XCBuildConfiguration;
			baseConfigurationReference = 9C0543D708421A128BCAE684 /* Pods-TSDTests.debug.xcconfig */;
			buildSettings = {
				ALWAYS_EMBED_SWIFT_STANDARD_LIBRARIES = YES;
				BUNDLE_LOADER = "$(TEST_HOST)";
				CODE_SIGN_STYLE = Automatic;
				DEVELOPMENT_TEAM = LG5NT8RKZ3;
				INFOPLIST_FILE = TSDTests/Info.plist;
				IPHONEOS_DEPLOYMENT_TARGET = 14.2;
				LD_RUNPATH_SEARCH_PATHS = (
					"$(inherited)",
					"@executable_path/Frameworks",
					"@loader_path/Frameworks",
				);
				PRODUCT_BUNDLE_IDENTIFIER = com.samuelesposito.TSDTests;
				PRODUCT_NAME = "$(TARGET_NAME)";
				SWIFT_VERSION = 5.0;
				TARGETED_DEVICE_FAMILY = "1,2";
				TEST_HOST = "$(BUILT_PRODUCTS_DIR)/TSD.app/TSD";
			};
			name = Debug;
		};
		40AD14E825877694001A8B89 /* Release */ = {
			isa = XCBuildConfiguration;
			baseConfigurationReference = 3361B712D74342E5EA0DA541 /* Pods-TSDTests.release.xcconfig */;
			buildSettings = {
				ALWAYS_EMBED_SWIFT_STANDARD_LIBRARIES = YES;
				BUNDLE_LOADER = "$(TEST_HOST)";
				CODE_SIGN_STYLE = Automatic;
				DEVELOPMENT_TEAM = LG5NT8RKZ3;
				INFOPLIST_FILE = TSDTests/Info.plist;
				IPHONEOS_DEPLOYMENT_TARGET = 14.2;
				LD_RUNPATH_SEARCH_PATHS = (
					"$(inherited)",
					"@executable_path/Frameworks",
					"@loader_path/Frameworks",
				);
				PRODUCT_BUNDLE_IDENTIFIER = com.samuelesposito.TSDTests;
				PRODUCT_NAME = "$(TARGET_NAME)";
				SWIFT_VERSION = 5.0;
				TARGETED_DEVICE_FAMILY = "1,2";
				TEST_HOST = "$(BUILT_PRODUCTS_DIR)/TSD.app/TSD";
			};
			name = Release;
		};
		40AD14EA25877694001A8B89 /* Debug */ = {
			isa = XCBuildConfiguration;
			baseConfigurationReference = 63F18E5F5FB5DA5FBBB9F7D4 /* Pods-TSD-TSDUITests.debug.xcconfig */;
			buildSettings = {
				ALWAYS_EMBED_SWIFT_STANDARD_LIBRARIES = YES;
				CODE_SIGN_STYLE = Automatic;
				DEVELOPMENT_TEAM = LG5NT8RKZ3;
				INFOPLIST_FILE = TSDUITests/Info.plist;
				LD_RUNPATH_SEARCH_PATHS = (
					"$(inherited)",
					"@executable_path/Frameworks",
					"@loader_path/Frameworks",
				);
				PRODUCT_BUNDLE_IDENTIFIER = com.samuelesposito.TSDUITests;
				PRODUCT_NAME = "$(TARGET_NAME)";
				SWIFT_VERSION = 5.0;
				TARGETED_DEVICE_FAMILY = "1,2";
				TEST_TARGET_NAME = TSD;
			};
			name = Debug;
		};
		40AD14EB25877694001A8B89 /* Release */ = {
			isa = XCBuildConfiguration;
			baseConfigurationReference = 72C4E43475AB91F09A0E4004 /* Pods-TSD-TSDUITests.release.xcconfig */;
			buildSettings = {
				ALWAYS_EMBED_SWIFT_STANDARD_LIBRARIES = YES;
				CODE_SIGN_STYLE = Automatic;
				DEVELOPMENT_TEAM = LG5NT8RKZ3;
				INFOPLIST_FILE = TSDUITests/Info.plist;
				LD_RUNPATH_SEARCH_PATHS = (
					"$(inherited)",
					"@executable_path/Frameworks",
					"@loader_path/Frameworks",
				);
				PRODUCT_BUNDLE_IDENTIFIER = com.samuelesposito.TSDUITests;
				PRODUCT_NAME = "$(TARGET_NAME)";
				SWIFT_VERSION = 5.0;
				TARGETED_DEVICE_FAMILY = "1,2";
				TEST_TARGET_NAME = TSD;
			};
			name = Release;
		};
/* End XCBuildConfiguration section */

/* Begin XCConfigurationList section */
		40AD14B425877693001A8B89 /* Build configuration list for PBXProject "TSD" */ = {
			isa = XCConfigurationList;
			buildConfigurations = (
				40AD14E125877694001A8B89 /* Debug */,
				40AD14E225877694001A8B89 /* Release */,
			);
			defaultConfigurationIsVisible = 0;
			defaultConfigurationName = Release;
		};
		40AD14E325877694001A8B89 /* Build configuration list for PBXNativeTarget "TSD" */ = {
			isa = XCConfigurationList;
			buildConfigurations = (
				40AD14E425877694001A8B89 /* Debug */,
				40AD14E525877694001A8B89 /* Release */,
			);
			defaultConfigurationIsVisible = 0;
			defaultConfigurationName = Release;
		};
		40AD14E625877694001A8B89 /* Build configuration list for PBXNativeTarget "TSDTests" */ = {
			isa = XCConfigurationList;
			buildConfigurations = (
				40AD14E725877694001A8B89 /* Debug */,
				40AD14E825877694001A8B89 /* Release */,
			);
			defaultConfigurationIsVisible = 0;
			defaultConfigurationName = Release;
		};
		40AD14E925877694001A8B89 /* Build configuration list for PBXNativeTarget "TSDUITests" */ = {
			isa = XCConfigurationList;
			buildConfigurations = (
				40AD14EA25877694001A8B89 /* Debug */,
				40AD14EB25877694001A8B89 /* Release */,
			);
			defaultConfigurationIsVisible = 0;
			defaultConfigurationName = Release;
		};
/* End XCConfigurationList section */
	};
	rootObject = 40AD14B125877693001A8B89 /* Project object */;
}
